
Microsoft Visual Studio Solution File, Format Version 12.00
# Visual Studio Version 17
VisualStudioVersion = 17.5.33502.453
MinimumVisualStudioVersion = 10.0.40219.1
Project("{FAE04EC0-301F-11D3-BF4B-00C04F79EFBC}") = "EmailonNetCore", "EmailonNetCore\EmailonNetCore.csproj", "{203744E6-32BF-41A2-8BB5-774FCE33E9A4}"
EndProject
Global
	GlobalSection(SolutionConfigurationPlatforms) = preSolution
		Debug|Any CPU = Debug|Any CPU
		Release|Any CPU = Release|Any CPU
	EndGlobalSection
	GlobalSection(ProjectConfigurationPlatforms) = postSolution
		{203744E6-32BF-41A2-8BB5-774FCE33E9A4}.Debug|Any CPU.ActiveCfg = Debug|Any CPU
		{203744E6-32BF-41A2-8BB5-774FCE33E9A4}.Debug|Any CPU.Build.0 = Debug|Any CPU
		{203744E6-32BF-41A2-8BB5-774FCE33E9A4}.Release|Any CPU.ActiveCfg = Release|Any CPU
		{203744E6-32BF-41A2-8BB5-774FCE33E9A4}.Release|Any CPU.Build.0 = Release|Any CPU
	EndGlobalSection
	GlobalSection(SolutionProperties) = preSolution
		HideSolutionNode = FALSE
	EndGlobalSection
	GlobalSection(ExtensibilityGlobals) = postSolution
		SolutionGuid = {BD18A264-39B6-411C-863A-7D761A9F5667}
	EndGlobalSection
EndGlobal
